
Microsoft Visual Studio Solution File, Format Version 12.00
# Visual Studio Version 16
VisualStudioVersion = 16.0.31702.278
MinimumVisualStudioVersion = 10.0.40219.1
Project("{FAE04EC0-301F-11D3-BF4B-00C04F79EFBC}") = "Library", "DevLibrary\Library.csproj", "{CA5AF7E9-BD5A-4C7B-9852-3BFFB9634BD2}"
EndProject
Project("{FAE04EC0-301F-11D3-BF4B-00C04F79EFBC}") = "ApplicationKomodo", "ApplicationKomodo\ApplicationKomodo.csproj", "{87D3DCBE-96B9-47BD-A071-448A750D134B}"
EndProject
Project("{FAE04EC0-301F-11D3-BF4B-00C04F79EFBC}") = "KomodoTests", "KomodoTests\KomodoTests.csproj", "{FF156B3F-BF11-4D11-BB91-117E902A9901}"
EndProject
Global
	GlobalSection(SolutionConfigurationPlatforms) = preSolution
		Debug|Any CPU = Debug|Any CPU
		Release|Any CPU = Release|Any CPU
	EndGlobalSection
	GlobalSection(ProjectConfigurationPlatforms) = postSolution
		{CA5AF7E9-BD5A-4C7B-9852-3BFFB9634BD2}.Debug|Any CPU.ActiveCfg = Debug|Any CPU
		{CA5AF7E9-BD5A-4C7B-9852-3BFFB9634BD2}.Debug|Any CPU.Build.0 = Debug|Any CPU
		{CA5AF7E9-BD5A-4C7B-9852-3BFFB9634BD2}.Release|Any CPU.ActiveCfg = Release|Any CPU
		{CA5AF7E9-BD5A-4C7B-9852-3BFFB9634BD2}.Release|Any CPU.Build.0 = Release|Any CPU
		{87D3DCBE-96B9-47BD-A071-448A750D134B}.Debug|Any CPU.ActiveCfg = Debug|Any CPU
		{87D3DCBE-96B9-47BD-A071-448A750D134B}.Debug|Any CPU.Build.0 = Debug|Any CPU
		{87D3DCBE-96B9-47BD-A071-448A750D134B}.Release|Any CPU.ActiveCfg = Release|Any CPU
		{87D3DCBE-96B9-47BD-A071-448A750D134B}.Release|Any CPU.Build.0 = Release|Any CPU
		{FF156B3F-BF11-4D11-BB91-117E902A9901}.Debug|Any CPU.ActiveCfg = Debug|Any CPU
		{FF156B3F-BF11-4D11-BB91-117E902A9901}.Debug|Any CPU.Build.0 = Debug|Any CPU
		{FF156B3F-BF11-4D11-BB91-117E902A9901}.Release|Any CPU.ActiveCfg = Release|Any CPU
		{FF156B3F-BF11-4D11-BB91-117E902A9901}.Release|Any CPU.Build.0 = Release|Any CPU
	EndGlobalSection
	GlobalSection(SolutionProperties) = preSolution
		HideSolutionNode = FALSE
	EndGlobalSection
	GlobalSection(ExtensibilityGlobals) = postSolution
		SolutionGuid = {5E0803CA-2737-4230-A907-D09EDAAC09E6}
	EndGlobalSection
EndGlobal
